github.com/RicHardicode/dog v0.0.0-20240325065349-7ffb2ffce847 h1:LepwCX8isyP+KXtH96xd1KpqBZBPmcHLyYKnkd7lAT0=
github.com/RicHardicode/dog v0.0.0-20240325065349-7ffb2ffce847/go.mod h1:0Ph6OWi1R4mWT8055bMQ6alB325cIrjwJPZUwSDgaPE=
github.com/RicHardicode/puppy v0.0.0-20240325070422-c10f35842145 h1:yg4pFXBM9LmKiXc15RSgqqZ0t+YldYVA2AJ2iQxv0kk=
github.com/RicHardicode/puppy v0.0.0-20240325070422-c10f35842145/go.mod h1:oQbUOUYUwQHYVga5mUrPR/tHmSZuQCjMWOGTNgYkaZw=
